// !$*UTF8*$!
{
	archiveVersion = 1;
	classes = {
	};
	objectVersion = 46;
	objects = {

/* Begin PBXBuildFile section */
		012829B91A76AC1400BA173E /* HeartRateConnector.swift in Sources */ = {isa = PBXBuildFile; fileRef = 012829B81A76AC1400BA173E /* HeartRateConnector.swift */; };
		017256C519FFCA9900FF3CB4 /* HeartBeatPeripheral.swift in Sources */ = {isa = PBXBuildFile; fileRef = 017256C419FFCA9900FF3CB4 /* HeartBeatPeripheral.swift */; };
		017256C619FFCAB200FF3CB4 /* HeartBeatPeripheral.swift in Sources */ = {isa = PBXBuildFile; fileRef = 017256C419FFCA9900FF3CB4 /* HeartBeatPeripheral.swift */; };
		019717E71A07839700A00864 /* SensorButtonConnector.swift in Sources */ = {isa = PBXBuildFile; fileRef = 019717E61A07839700A00864 /* SensorButtonConnector.swift */; };
		019717E81A07839700A00864 /* SensorButtonConnector.swift in Sources */ = {isa = PBXBuildFile; fileRef = 019717E61A07839700A00864 /* SensorButtonConnector.swift */; };
		019717EA1A07840E00A00864 /* GernericConnector.swift in Sources */ = {isa = PBXBuildFile; fileRef = 019717E91A07840E00A00864 /* GernericConnector.swift */; };
		019717EB1A07840E00A00864 /* GernericConnector.swift in Sources */ = {isa = PBXBuildFile; fileRef = 019717E91A07840E00A00864 /* GernericConnector.swift */; };
		01B7745819EEC28900E2CC2E /* AppDelegate.swift in Sources */ = {isa = PBXBuildFile; fileRef = 01B7745719EEC28900E2CC2E /* AppDelegate.swift */; };
		01B7745A19EEC28900E2CC2E /* ViewController.swift in Sources */ = {isa = PBXBuildFile; fileRef = 01B7745919EEC28900E2CC2E /* ViewController.swift */; };
		01B7745D19EEC28900E2CC2E /* Main.storyboard in Resources */ = {isa = PBXBuildFile; fileRef = 01B7745B19EEC28900E2CC2E /* Main.storyboard */; };
		01B7745F19EEC28900E2CC2E /* Images.xcassets in Resources */ = {isa = PBXBuildFile; fileRef = 01B7745E19EEC28900E2CC2E /* Images.xcassets */; };
		01B7746219EEC28900E2CC2E /* LaunchScreen.xib in Resources */ = {isa = PBXBuildFile; fileRef = 01B7746019EEC28900E2CC2E /* LaunchScreen.xib */; };
		01B7746E19EEC28900E2CC2E /* Simple_Bike_ComputerTests.swift in Sources */ = {isa = PBXBuildFile; fileRef = 01B7746D19EEC28900E2CC2E /* Simple_Bike_ComputerTests.swift */; };
		01B7747919EEC2D800E2CC2E /* CadenceConnector.swift in Sources */ = {isa = PBXBuildFile; fileRef = 01B7747719EEC2D800E2CC2E /* CadenceConnector.swift */; };
		01B7747A19EEC2D800E2CC2E /* NSDataExtensions.swift in Sources */ = {isa = PBXBuildFile; fileRef = 01B7747819EEC2D800E2CC2E /* NSDataExtensions.swift */; };
		01B7748419EFAC3100E2CC2E /* AppDelegate.swift in Sources */ = {isa = PBXBuildFile; fileRef = 01B7748319EFAC3100E2CC2E /* AppDelegate.swift */; };
		01B7748619EFAC3100E2CC2E /* Images.xcassets in Resources */ = {isa = PBXBuildFile; fileRef = 01B7748519EFAC3100E2CC2E /* Images.xcassets */; };
		01B7748919EFAC3100E2CC2E /* MainMenu.xib in Resources */ = {isa = PBXBuildFile; fileRef = 01B7748719EFAC3100E2CC2E /* MainMenu.xib */; };
		01B7749519EFAC3100E2CC2E /* Mac_Simple_Bike_ComputerTests.swift in Sources */ = {isa = PBXBuildFile; fileRef = 01B7749419EFAC3100E2CC2E /* Mac_Simple_Bike_ComputerTests.swift */; };
		01B7749C19EFAC3D00E2CC2E /* CadenceConnector.swift in Sources */ = {isa = PBXBuildFile; fileRef = 01B7747719EEC2D800E2CC2E /* CadenceConnector.swift */; };
		01B7749D19EFAC4100E2CC2E /* NSDataExtensions.swift in Sources */ = {isa = PBXBuildFile; fileRef = 01B7747819EEC2D800E2CC2E /* NSDataExtensions.swift */; };
		01B774A019EFAD4700E2CC2E /* CoreBluetooth.framework in Frameworks */ = {isa = PBXBuildFile; fileRef = 01B7749E19EFACBA00E2CC2E /* CoreBluetooth.framework */; };
		01B774A219EFADB000E2CC2E /* CBCharacteristic+value.swift in Sources */ = {isa = PBXBuildFile; fileRef = 01B774A119EFADB000E2CC2E /* CBCharacteristic+value.swift */; };
		01E1BA3719FED51800BA6CF3 /* CBPeripheralManagerExtensions.swift in Sources */ = {isa = PBXBuildFile; fileRef = 01E1BA3619FED51800BA6CF3 /* CBPeripheralManagerExtensions.swift */; };
		01E1BA3819FED51800BA6CF3 /* CBPeripheralManagerExtensions.swift in Sources */ = {isa = PBXBuildFile; fileRef = 01E1BA3619FED51800BA6CF3 /* CBPeripheralManagerExtensions.swift */; };
/* End PBXBuildFile section */

/* Begin PBXContainerItemProxy section */
		01B7746819EEC28900E2CC2E /* PBXContainerItemProxy */ = {
			isa = PBXContainerItemProxy;
			containerPortal = 01B7744A19EEC28900E2CC2E /* Project object */;
			proxyType = 1;
			remoteGlobalIDString = 01B7745119EEC28900E2CC2E;
			remoteInfo = "Simple Bike Computer";
		};
		01B7748F19EFAC3100E2CC2E /* PBXContainerItemProxy */ = {
			isa = PBXContainerItemProxy;
			containerPortal = 01B7744A19EEC28900E2CC2E /* Project object */;
			proxyType = 1;
			remoteGlobalIDString = 01B7747E19EFAC3000E2CC2E;
			remoteInfo = "Mac Simple Bike Computer";
		};
/* End PBXContainerItemProxy section */

/* Begin PBXFileReference section */
		012829B81A76AC1400BA173E /* HeartRateConnector.swift */ = {isa = PBXFileReference; fileEncoding = 4; lastKnownFileType = sourcecode.swift; path = HeartRateConnector.swift; sourceTree = "<group>"; };
		017256C419FFCA9900FF3CB4 /* HeartBeatPeripheral.swift */ = {isa = PBXFileReference; fileEncoding = 4; lastKnownFileType = sourcecode.swift; name = HeartBeatPeripheral.swift; path = Shared/HeartBeatPeripheral.swift; sourceTree = "<group>"; };
		019717E61A07839700A00864 /* SensorButtonConnector.swift */ = {isa = PBXFileReference; fileEncoding = 4; lastKnownFileType = sourcecode.swift; name = SensorButtonConnector.swift; path = Shared/SensorButtonConnector.swift; sourceTree = "<group>"; };
		019717E91A07840E00A00864 /* GernericConnector.swift */ = {isa = PBXFileReference; fileEncoding = 4; lastKnownFileType = sourcecode.swift; name = GernericConnector.swift; path = Shared/GernericConnector.swift; sourceTree = "<group>"; };
		01B7745219EEC28900E2CC2E /* Simple Bike Computer.app */ = {isa = PBXFileReference; explicitFileType = wrapper.application; includeInIndex = 0; path = "Simple Bike Computer.app"; sourceTree = BUILT_PRODUCTS_DIR; };
		01B7745619EEC28900E2CC2E /* Info.plist */ = {isa = PBXFileReference; lastKnownFileType = text.plist.xml; path = Info.plist; sourceTree = "<group>"; };
		01B7745719EEC28900E2CC2E /* AppDelegate.swift */ = {isa = PBXFileReference; lastKnownFileType = sourcecode.swift; path = AppDelegate.swift; sourceTree = "<group>"; };
		01B7745919EEC28900E2CC2E /* ViewController.swift */ = {isa = PBXFileReference; lastKnownFileType = sourcecode.swift; path = ViewController.swift; sourceTree = "<group>"; };
		01B7745C19EEC28900E2CC2E /* Base */ = {isa = PBXFileReference; lastKnownFileType = file.storyboard; name = Base; path = Base.lproj/Main.storyboard; sourceTree = "<group>"; };
		01B7745E19EEC28900E2CC2E /* Images.xcassets */ = {isa = PBXFileReference; lastKnownFileType = folder.assetcatalog; path = Images.xcassets; sourceTree = "<group>"; };
		01B7746119EEC28900E2CC2E /* Base */ = {isa = PBXFileReference; lastKnownFileType = file.xib; name = Base; path = Base.lproj/LaunchScreen.xib; sourceTree = "<group>"; };
		01B7746719EEC28900E2CC2E /* Simple Bike ComputerTests.xctest */ = {isa = PBXFileReference; explicitFileType = wrapper.cfbundle; includeInIndex = 0; path = "Simple Bike ComputerTests.xctest"; sourceTree = BUILT_PRODUCTS_DIR; };
		01B7746C19EEC28900E2CC2E /* Info.plist */ = {isa = PBXFileReference; lastKnownFileType = text.plist.xml; path = Info.plist; sourceTree = "<group>"; };
		01B7746D19EEC28900E2CC2E /* Simple_Bike_ComputerTests.swift */ = {isa = PBXFileReference; lastKnownFileType = sourcecode.swift; path = Simple_Bike_ComputerTests.swift; sourceTree = "<group>"; };
		01B7747719EEC2D800E2CC2E /* CadenceConnector.swift */ = {isa = PBXFileReference; fileEncoding = 4; lastKnownFileType = sourcecode.swift; name = CadenceConnector.swift; path = Shared/CadenceConnector.swift; sourceTree = "<group>"; };
		01B7747819EEC2D800E2CC2E /* NSDataExtensions.swift */ = {isa = PBXFileReference; fileEncoding = 4; lastKnownFileType = sourcecode.swift; name = NSDataExtensions.swift; path = Shared/NSDataExtensions.swift; sourceTree = "<group>"; };
		01B7747F19EFAC3000E2CC2E /* Mac Simple Bike Computer.app */ = {isa = PBXFileReference; explicitFileType = wrapper.application; includeInIndex = 0; path = "Mac Simple Bike Computer.app"; sourceTree = BUILT_PRODUCTS_DIR; };
		01B7748219EFAC3000E2CC2E /* Info.plist */ = {isa = PBXFileReference; lastKnownFileType = text.plist.xml; path = Info.plist; sourceTree = "<group>"; };
		01B7748319EFAC3100E2CC2E /* AppDelegate.swift */ = {isa = PBXFileReference; lastKnownFileType = sourcecode.swift; path = AppDelegate.swift; sourceTree = "<group>"; };
		01B7748519EFAC3100E2CC2E /* Images.xcassets */ = {isa = PBXFileReference; lastKnownFileType = folder.assetcatalog; path = Images.xcassets; sourceTree = "<group>"; };
		01B7748819EFAC3100E2CC2E /* Base */ = {isa = PBXFileReference; lastKnownFileType = file.xib; name = Base; path = Base.lproj/MainMenu.xib; sourceTree = "<group>"; };
		01B7748E19EFAC3100E2CC2E /* Mac Simple Bike ComputerTests.xctest */ = {isa = PBXFileReference; explicitFileType = wrapper.cfbundle; includeInIndex = 0; path = "Mac Simple Bike ComputerTests.xctest"; sourceTree = BUILT_PRODUCTS_DIR; };
		01B7749319EFAC3100E2CC2E /* Info.plist */ = {isa = PBXFileReference; lastKnownFileType = text.plist.xml; path = Info.plist; sourceTree = "<group>"; };
		01B7749419EFAC3100E2CC2E /* Mac_Simple_Bike_ComputerTests.swift */ = {isa = PBXFileReference; lastKnownFileType = sourcecode.swift; path = Mac_Simple_Bike_ComputerTests.swift; sourceTree = "<group>"; };
		01B7749E19EFACBA00E2CC2E /* CoreBluetooth.framework */ = {isa = PBXFileReference; lastKnownFileType = wrapper.framework; name = CoreBluetooth.framework; path = Platforms/MacOSX.platform/Developer/SDKs/MacOSX10.10.sdk/System/Library/Frameworks/CoreBluetooth.framework; sourceTree = DEVELOPER_DIR; };
		01B774A119EFADB000E2CC2E /* CBCharacteristic+value.swift */ = {isa = PBXFileReference; fileEncoding = 4; lastKnownFileType = sourcecode.swift; path = "CBCharacteristic+value.swift"; sourceTree = "<group>"; };
		01E1BA3619FED51800BA6CF3 /* CBPeripheralManagerExtensions.swift */ = {isa = PBXFileReference; fileEncoding = 4; lastKnownFileType = sourcecode.swift; name = CBPeripheralManagerExtensions.swift; path = Shared/CBPeripheralManagerExtensions.swift; sourceTree = "<group>"; };
/* End PBXFileReference section */

/* Begin PBXFrameworksBuildPhase section */
		01B7744F19EEC28900E2CC2E /* Frameworks */ = {
			isa = PBXFrameworksBuildPhase;
			buildActionMask = 2147483647;
			files = (
			);
			runOnlyForDeploymentPostprocessing = 0;
		};
		01B7746419EEC28900E2CC2E /* Frameworks */ = {
			isa = PBXFrameworksBuildPhase;
			buildActionMask = 2147483647;
			files = (
			);
			runOnlyForDeploymentPostprocessing = 0;
		};
		01B7747C19EFAC3000E2CC2E /* Frameworks */ = {
			isa = PBXFrameworksBuildPhase;
			buildActionMask = 2147483647;
			files = (
				01B774A019EFAD4700E2CC2E /* CoreBluetooth.framework in Frameworks */,
			);
			runOnlyForDeploymentPostprocessing = 0;
		};
		01B7748B19EFAC3100E2CC2E /* Frameworks */ = {
			isa = PBXFrameworksBuildPhase;
			buildActionMask = 2147483647;
			files = (
			);
			runOnlyForDeploymentPostprocessing = 0;
		};
/* End PBXFrameworksBuildPhase section */

/* Begin PBXGroup section */
		01B7744919EEC28900E2CC2E = {
			isa = PBXGroup;
			children = (
				01B774A319EFAE9E00E2CC2E /* Shared */,
				01B7745419EEC28900E2CC2E /* Simple Bike Computer */,
				01B7746A19EEC28900E2CC2E /* Simple Bike ComputerTests */,
				01B7748019EFAC3000E2CC2E /* Mac Simple Bike Computer */,
				01B7749119EFAC3100E2CC2E /* Mac Simple Bike ComputerTests */,
				01B7745319EEC28900E2CC2E /* Products */,
			);
			sourceTree = "<group>";
		};
		01B7745319EEC28900E2CC2E /* Products */ = {
			isa = PBXGroup;
			children = (
				01B7745219EEC28900E2CC2E /* Simple Bike Computer.app */,
				01B7746719EEC28900E2CC2E /* Simple Bike ComputerTests.xctest */,
				01B7747F19EFAC3000E2CC2E /* Mac Simple Bike Computer.app */,
				01B7748E19EFAC3100E2CC2E /* Mac Simple Bike ComputerTests.xctest */,
			);
			name = Products;
			sourceTree = "<group>";
		};
		01B7745419EEC28900E2CC2E /* Simple Bike Computer */ = {
			isa = PBXGroup;
			children = (
				01B7745719EEC28900E2CC2E /* AppDelegate.swift */,
				01B7745919EEC28900E2CC2E /* ViewController.swift */,
				01B7745B19EEC28900E2CC2E /* Main.storyboard */,
				01B7745E19EEC28900E2CC2E /* Images.xcassets */,
				01B7746019EEC28900E2CC2E /* LaunchScreen.xib */,
				01B7745519EEC28900E2CC2E /* Supporting Files */,
				01B774A419EFAEE600E2CC2E /* Extensions */,
			);
			path = "Simple Bike Computer";
			sourceTree = "<group>";
		};
		01B7745519EEC28900E2CC2E /* Supporting Files */ = {
			isa = PBXGroup;
			children = (
				01B7745619EEC28900E2CC2E /* Info.plist */,
			);
			name = "Supporting Files";
			sourceTree = "<group>";
		};
		01B7746A19EEC28900E2CC2E /* Simple Bike ComputerTests */ = {
			isa = PBXGroup;
			children = (
				01B7746D19EEC28900E2CC2E /* Simple_Bike_ComputerTests.swift */,
				01B7746B19EEC28900E2CC2E /* Supporting Files */,
			);
			path = "Simple Bike ComputerTests";
			sourceTree = "<group>";
		};
		01B7746B19EEC28900E2CC2E /* Supporting Files */ = {
			isa = PBXGroup;
			children = (
				01B7746C19EEC28900E2CC2E /* Info.plist */,
			);
			name = "Supporting Files";
			sourceTree = "<group>";
		};
		01B7748019EFAC3000E2CC2E /* Mac Simple Bike Computer */ = {
			isa = PBXGroup;
			children = (
				01B7748319EFAC3100E2CC2E /* AppDelegate.swift */,
				01B7748519EFAC3100E2CC2E /* Images.xcassets */,
				01B7748719EFAC3100E2CC2E /* MainMenu.xib */,
				01B7748119EFAC3000E2CC2E /* Supporting Files */,
				01B7749E19EFACBA00E2CC2E /* CoreBluetooth.framework */,
			);
			path = "Mac Simple Bike Computer";
			sourceTree = "<group>";
		};
		01B7748119EFAC3000E2CC2E /* Supporting Files */ = {
			isa = PBXGroup;
			children = (
				01B7748219EFAC3000E2CC2E /* Info.plist */,
			);
			name = "Supporting Files";
			sourceTree = "<group>";
		};
		01B7749119EFAC3100E2CC2E /* Mac Simple Bike ComputerTests */ = {
			isa = PBXGroup;
			children = (
				01B7749419EFAC3100E2CC2E /* Mac_Simple_Bike_ComputerTests.swift */,
				01B7749219EFAC3100E2CC2E /* Supporting Files */,
			);
			path = "Mac Simple Bike ComputerTests";
			sourceTree = "<group>";
		};
		01B7749219EFAC3100E2CC2E /* Supporting Files */ = {
			isa = PBXGroup;
			children = (
				01B7749319EFAC3100E2CC2E /* Info.plist */,
			);
			name = "Supporting Files";
			sourceTree = "<group>";
		};
		01B774A319EFAE9E00E2CC2E /* Shared */ = {
			isa = PBXGroup;
			children = (
				01B7747719EEC2D800E2CC2E /* CadenceConnector.swift */,
				012829B81A76AC1400BA173E /* HeartRateConnector.swift */,
				01B7747819EEC2D800E2CC2E /* NSDataExtensions.swift */,
				01E1BA3619FED51800BA6CF3 /* CBPeripheralManagerExtensions.swift */,
				017256C419FFCA9900FF3CB4 /* HeartBeatPeripheral.swift */,
				019717E61A07839700A00864 /* SensorButtonConnector.swift */,
				019717E91A07840E00A00864 /* GernericConnector.swift */,
			);
			name = Shared;
			sourceTree = "<group>";
		};
		01B774A419EFAEE600E2CC2E /* Extensions */ = {
			isa = PBXGroup;
			children = (
				01B774A119EFADB000E2CC2E /* CBCharacteristic+value.swift */,
			);
			name = Extensions;
			sourceTree = "<group>";
		};
/* End PBXGroup section */

/* Begin PBXNativeTarget section */
		01B7745119EEC28900E2CC2E /* Simple Bike Computer */ = {
			isa = PBXNativeTarget;
			buildConfigurationList = 01B7747119EEC28900E2CC2E /* Build configuration list for PBXNativeTarget "Simple Bike Computer" */;
			buildPhases = (
				01B7744E19EEC28900E2CC2E /* Sources */,
				01B7744F19EEC28900E2CC2E /* Frameworks */,
				01B7745019EEC28900E2CC2E /* Resources */,
			);
			buildRules = (
			);
			dependencies = (
			);
			name = "Simple Bike Computer";
			productName = "Simple Bike Computer";
			productReference = 01B7745219EEC28900E2CC2E /* Simple Bike Computer.app */;
			productType = "com.apple.product-type.application";
		};
		01B7746619EEC28900E2CC2E /* Simple Bike ComputerTests */ = {
			isa = PBXNativeTarget;
			buildConfigurationList = 01B7747419EEC28900E2CC2E /* Build configuration list for PBXNativeTarget "Simple Bike ComputerTests" */;
			buildPhases = (
				01B7746319EEC28900E2CC2E /* Sources */,
				01B7746419EEC28900E2CC2E /* Frameworks */,
				01B7746519EEC28900E2CC2E /* Resources */,
			);
			buildRules = (
			);
			dependencies = (
				01B7746919EEC28900E2CC2E /* PBXTargetDependency */,
			);
			name = "Simple Bike ComputerTests";
			productName = "Simple Bike ComputerTests";
			productReference = 01B7746719EEC28900E2CC2E /* Simple Bike ComputerTests.xctest */;
			productType = "com.apple.product-type.bundle.unit-test";
		};
		01B7747E19EFAC3000E2CC2E /* Mac Simple Bike Computer */ = {
			isa = PBXNativeTarget;
			buildConfigurationList = 01B7749619EFAC3100E2CC2E /* Build configuration list for PBXNativeTarget "Mac Simple Bike Computer" */;
			buildPhases = (
				01B7747B19EFAC3000E2CC2E /* Sources */,
				01B7747C19EFAC3000E2CC2E /* Frameworks */,
				01B7747D19EFAC3000E2CC2E /* Resources */,
			);
			buildRules = (
			);
			dependencies = (
			);
			name = "Mac Simple Bike Computer";
			productName = "Mac Simple Bike Computer";
			productReference = 01B7747F19EFAC3000E2CC2E /* Mac Simple Bike Computer.app */;
			productType = "com.apple.product-type.application";
		};
		01B7748D19EFAC3100E2CC2E /* Mac Simple Bike ComputerTests */ = {
			isa = PBXNativeTarget;
			buildConfigurationList = 01B7749919EFAC3100E2CC2E /* Build configuration list for PBXNativeTarget "Mac Simple Bike ComputerTests" */;
			buildPhases = (
				01B7748A19EFAC3100E2CC2E /* Sources */,
				01B7748B19EFAC3100E2CC2E /* Frameworks */,
				01B7748C19EFAC3100E2CC2E /* Resources */,
			);
			buildRules = (
			);
			dependencies = (
				01B7749019EFAC3100E2CC2E /* PBXTargetDependency */,
			);
			name = "Mac Simple Bike ComputerTests";
			productName = "Mac Simple Bike ComputerTests";
			productReference = 01B7748E19EFAC3100E2CC2E /* Mac Simple Bike ComputerTests.xctest */;
			productType = "com.apple.product-type.bundle.unit-test";
		};
/* End PBXNativeTarget section */

/* Begin PBXProject section */
		01B7744A19EEC28900E2CC2E /* Project object */ = {
			isa = PBXProject;
			attributes = {
				LastUpgradeCheck = 0610;
				ORGANIZATIONNAME = "Falko Richter";
				TargetAttributes = {
					01B7745119EEC28900E2CC2E = {
						CreatedOnToolsVersion = 6.1;
						DevelopmentTeam = 7FF77U8NJM;
					};
					01B7746619EEC28900E2CC2E = {
						CreatedOnToolsVersion = 6.1;
						TestTargetID = 01B7745119EEC28900E2CC2E;
					};
					01B7747E19EFAC3000E2CC2E = {
						CreatedOnToolsVersion = 6.1;
					};
					01B7748D19EFAC3100E2CC2E = {
						CreatedOnToolsVersion = 6.1;
						TestTargetID = 01B7747E19EFAC3000E2CC2E;
					};
				};
			};
			buildConfigurationList = 01B7744D19EEC28900E2CC2E /* Build configuration list for PBXProject "Simple Bike Computer" */;
			compatibilityVersion = "Xcode 3.2";
			developmentRegion = English;
			hasScannedForEncodings = 0;
			knownRegions = (
				en,
				Base,
			);
			mainGroup = 01B7744919EEC28900E2CC2E;
			productRefGroup = 01B7745319EEC28900E2CC2E /* Products */;
			projectDirPath = "";
			projectRoot = "";
			targets = (
				01B7745119EEC28900E2CC2E /* Simple Bike Computer */,
				01B7746619EEC28900E2CC2E /* Simple Bike ComputerTests */,
				01B7747E19EFAC3000E2CC2E /* Mac Simple Bike Computer */,
				01B7748D19EFAC3100E2CC2E /* Mac Simple Bike ComputerTests */,
			);
		};
/* End PBXProject section */

/* Begin PBXResourcesBuildPhase section */
		01B7745019EEC28900E2CC2E /* Resources */ = {
			isa = PBXResourcesBuildPhase;
			buildActionMask = 2147483647;
			files = (
				01B7745D19EEC28900E2CC2E /* Main.storyboard in Resources */,
				01B7746219EEC28900E2CC2E /* LaunchScreen.xib in Resources */,
				01B7745F19EEC28900E2CC2E /* Images.xcassets in Resources */,
			);
			runOnlyForDeploymentPostprocessing = 0;
		};
		01B7746519EEC28900E2CC2E /* Resources */ = {
			isa = PBXResourcesBuildPhase;
			buildActionMask = 2147483647;
			files = (
			);
			runOnlyForDeploymentPostprocessing = 0;
		};
		01B7747D19EFAC3000E2CC2E /* Resources */ = {
			isa = PBXResourcesBuildPhase;
			buildActionMask = 2147483647;
			files = (
				01B7748619EFAC3100E2CC2E /* Images.xcassets in Resources */,
				01B7748919EFAC3100E2CC2E /* MainMenu.xib in Resources */,
			);
			runOnlyForDeploymentPostprocessing = 0;
		};
		01B7748C19EFAC3100E2CC2E /* Resources */ = {
			isa = PBXResourcesBuildPhase;
			buildActionMask = 2147483647;
			files = (
			);
			runOnlyForDeploymentPostprocessing = 0;
		};
/* End PBXResourcesBuildPhase section */

/* Begin PBXSourcesBuildPhase section */
		01B7744E19EEC28900E2CC2E /* Sources */ = {
			isa = PBXSourcesBuildPhase;
			buildActionMask = 2147483647;
			files = (
				01E1BA3719FED51800BA6CF3 /* CBPeripheralManagerExtensions.swift in Sources */,
				01B7747A19EEC2D800E2CC2E /* NSDataExtensions.swift in Sources */,
				012829B91A76AC1400BA173E /* HeartRateConnector.swift in Sources */,
				01B7745A19EEC28900E2CC2E /* ViewController.swift in Sources */,
				01B7745819EEC28900E2CC2E /* AppDelegate.swift in Sources */,
				019717EA1A07840E00A00864 /* GernericConnector.swift in Sources */,
				017256C519FFCA9900FF3CB4 /* HeartBeatPeripheral.swift in Sources */,
				01B774A219EFADB000E2CC2E /* CBCharacteristic+value.swift in Sources */,
				01B7747919EEC2D800E2CC2E /* CadenceConnector.swift in Sources */,
				019717E71A07839700A00864 /* SensorButtonConnector.swift in Sources */,
			);
			runOnlyForDeploymentPostprocessing = 0;
		};
		01B7746319EEC28900E2CC2E /* Sources */ = {
			isa = PBXSourcesBuildPhase;
			buildActionMask = 2147483647;
			files = (
				01B7746E19EEC28900E2CC2E /* Simple_Bike_ComputerTests.swift in Sources */,
			);
			runOnlyForDeploymentPostprocessing = 0;
		};
		01B7747B19EFAC3000E2CC2E /* Sources */ = {
			isa = PBXSourcesBuildPhase;
			buildActionMask = 2147483647;
			files = (
				017256C619FFCAB200FF3CB4 /* HeartBeatPeripheral.swift in Sources */,
				01B7748419EFAC3100E2CC2E /* AppDelegate.swift in Sources */,
				01B7749C19EFAC3D00E2CC2E /* CadenceConnector.swift in Sources */,
				01E1BA3819FED51800BA6CF3 /* CBPeripheralManagerExtensions.swift in Sources */,
				01B7749D19EFAC4100E2CC2E /* NSDataExtensions.swift in Sources */,
				019717E81A07839700A00864 /* SensorButtonConnector.swift in Sources */,
				019717EB1A07840E00A00864 /* GernericConnector.swift in Sources */,
			);
			runOnlyForDeploymentPostprocessing = 0;
		};
		01B7748A19EFAC3100E2CC2E /* Sources */ = {
			isa = PBXSourcesBuildPhase;
			buildActionMask = 2147483647;
			files = (
				01B7749519EFAC3100E2CC2E /* Mac_Simple_Bike_ComputerTests.swift in Sources */,
			);
			runOnlyForDeploymentPostprocessing = 0;
		};
/* End PBXSourcesBuildPhase section */

/* Begin PBXTargetDependency section */
		01B7746919EEC28900E2CC2E /* PBXTargetDependency */ = {
			isa = PBXTargetDependency;
			target = 01B7745119EEC28900E2CC2E /* Simple Bike Computer */;
			targetProxy = 01B7746819EEC28900E2CC2E /* PBXContainerItemProxy */;
		};
		01B7749019EFAC3100E2CC2E /* PBXTargetDependency */ = {
			isa = PBXTargetDependency;
			target = 01B7747E19EFAC3000E2CC2E /* Mac Simple Bike Computer */;
			targetProxy = 01B7748F19EFAC3100E2CC2E /* PBXContainerItemProxy */;
		};
/* End PBXTargetDependency section */

/* Begin PBXVariantGroup section */
		01B7745B19EEC28900E2CC2E /* Main.storyboard */ = {
			isa = PBXVariantGroup;
			children = (
				01B7745C19EEC28900E2CC2E /* Base */,
			);
			name = Main.storyboard;
			sourceTree = "<group>";
		};
		01B7746019EEC28900E2CC2E /* LaunchScreen.xib */ = {
			isa = PBXVariantGroup;
			children = (
				01B7746119EEC28900E2CC2E /* Base */,
			);
			name = LaunchScreen.xib;
			sourceTree = "<group>";
		};
		01B7748719EFAC3100E2CC2E /* MainMenu.xib */ = {
			isa = PBXVariantGroup;
			children = (
				01B7748819EFAC3100E2CC2E /* Base */,
			);
			name = MainMenu.xib;
			sourceTree = "<group>";
		};
/* End PBXVariantGroup section */

/* Begin XCBuildConfiguration section */
		01B7746F19EEC28900E2CC2E /* Debug */ = {
			isa = XCBuildConfiguration;
			buildSettings = {
				ALWAYS_SEARCH_USER_PATHS = NO;
				CLANG_CXX_LANGUAGE_STANDARD = "gnu++0x";
				CLANG_CXX_LIBRARY = "libc++";
				CLANG_ENABLE_MODULES = YES;
				CLANG_ENABLE_OBJC_ARC = YES;
				CLANG_WARN_BOOL_CONVERSION = YES;
				CLANG_WARN_CONSTANT_CONVERSION = YES;
				CLANG_WARN_DIRECT_OBJC_ISA_USAGE = YES_ERROR;
				CLANG_WARN_EMPTY_BODY = YES;
				CLANG_WARN_ENUM_CONVERSION = YES;
				CLANG_WARN_INT_CONVERSION = YES;
				CLANG_WARN_OBJC_ROOT_CLASS = YES_ERROR;
				CLANG_WARN_UNREACHABLE_CODE = YES;
				CLANG_WARN__DUPLICATE_METHOD_MATCH = YES;
				"CODE_SIGN_IDENTITY[sdk=iphoneos*]" = "iPhone Developer";
				COPY_PHASE_STRIP = NO;
				ENABLE_STRICT_OBJC_MSGSEND = YES;
				GCC_C_LANGUAGE_STANDARD = gnu99;
				GCC_DYNAMIC_NO_PIC = NO;
				GCC_OPTIMIZATION_LEVEL = 0;
				GCC_PREPROCESSOR_DEFINITIONS = (
					"DEBUG=1",
					"$(inherited)",
				);
				GCC_SYMBOLS_PRIVATE_EXTERN = NO;
				GCC_WARN_64_TO_32_BIT_CONVERSION = YES;
				GCC_WARN_ABOUT_RETURN_TYPE = YES_ERROR;
				GCC_WARN_UNDECLARED_SELECTOR = YES;
				GCC_WARN_UNINITIALIZED_AUTOS = YES_AGGRESSIVE;
				GCC_WARN_UNUSED_FUNCTION = YES;
				GCC_WARN_UNUSED_VARIABLE = YES;
				IPHONEOS_DEPLOYMENT_TARGET = 8.1;
				MTL_ENABLE_DEBUG_INFO = YES;
				ONLY_ACTIVE_ARCH = YES;
				SDKROOT = iphoneos;
				SWIFT_OPTIMIZATION_LEVEL = "-Onone";
			};
			name = Debug;
		};
		01B7747019EEC28900E2CC2E /* Release */ = {
			isa = XCBuildConfiguration;
			buildSettings = {
				ALWAYS_SEARCH_USER_PATHS = NO;
				CLANG_CXX_LANGUAGE_STANDARD = "gnu++0x";
				CLANG_CXX_LIBRARY = "libc++";
				CLANG_ENABLE_MODULES = YES;
				CLANG_ENABLE_OBJC_ARC = YES;
				CLANG_WARN_BOOL_CONVERSION = YES;
				CLANG_WARN_CONSTANT_CONVERSION = YES;
				CLANG_WARN_DIRECT_OBJC_ISA_USAGE = YES_ERROR;
				CLANG_WARN_EMPTY_BODY = YES;
				CLANG_WARN_ENUM_CONVERSION = YES;
				CLANG_WARN_INT_CONVERSION = YES;
				CLANG_WARN_OBJC_ROOT_CLASS = YES_ERROR;
				CLANG_WARN_UNREACHABLE_CODE = YES;
				CLANG_WARN__DUPLICATE_METHOD_MATCH = YES;
				"CODE_SIGN_IDENTITY[sdk=iphoneos*]" = "iPhone Developer";
				COPY_PHASE_STRIP = YES;
				ENABLE_NS_ASSERTIONS = NO;
				ENABLE_STRICT_OBJC_MSGSEND = YES;
				GCC_C_LANGUAGE_STANDARD = gnu99;
				GCC_WARN_64_TO_32_BIT_CONVERSION = YES;
				GCC_WARN_ABOUT_RETURN_TYPE = YES_ERROR;
				GCC_WARN_UNDECLARED_SELECTOR = YES;
				GCC_WARN_UNINITIALIZED_AUTOS = YES_AGGRESSIVE;
				GCC_WARN_UNUSED_FUNCTION = YES;
				GCC_WARN_UNUSED_VARIABLE = YES;
				IPHONEOS_DEPLOYMENT_TARGET = 8.1;
				MTL_ENABLE_DEBUG_INFO = NO;
				SDKROOT = iphoneos;
				VALIDATE_PRODUCT = YES;
			};
			name = Release;
		};
		01B7747219EEC28900E2CC2E /* Debug */ = {
			isa = XCBuildConfiguration;
			buildSettings = {
				ASSETCATALOG_COMPILER_APPICON_NAME = AppIcon;
				CODE_SIGN_IDENTITY = "iPhone Developer";
				"CODE_SIGN_IDENTITY[sdk=iphoneos*]" = "iPhone Developer";
				INFOPLIST_FILE = "Simple Bike Computer/Info.plist";
				IPHONEOS_DEPLOYMENT_TARGET = 8.0;
				LD_RUNPATH_SEARCH_PATHS = "$(inherited) @executable_path/Frameworks";
				PRODUCT_NAME = "$(TARGET_NAME)";
				PROVISIONING_PROFILE = "";
			};
			name = Debug;
		};
		01B7747319EEC28900E2CC2E /* Release */ = {
			isa = XCBuildConfiguration;
			buildSettings = {
				ASSETCATALOG_COMPILER_APPICON_NAME = AppIcon;
				CODE_SIGN_IDENTITY = "iPhone Developer";
				"CODE_SIGN_IDENTITY[sdk=iphoneos*]" = "iPhone Developer";
				INFOPLIST_FILE = "Simple Bike Computer/Info.plist";
				IPHONEOS_DEPLOYMENT_TARGET = 8.0;
				LD_RUNPATH_SEARCH_PATHS = "$(inherited) @executable_path/Frameworks";
				PRODUCT_NAME = "$(TARGET_NAME)";
				PROVISIONING_PROFILE = "";
			};
			name = Release;
		};
		01B7747519EEC28900E2CC2E /* Debug */ = {
			isa = XCBuildConfiguration;
			buildSettings = {
				BUNDLE_LOADER = "$(TEST_HOST)";
				FRAMEWORK_SEARCH_PATHS = (
					"$(SDKROOT)/Developer/Library/Frameworks",
					"$(inherited)",
				);
				GCC_PREPROCESSOR_DEFINITIONS = (
					"DEBUG=1",
					"$(inherited)",
				);
				INFOPLIST_FILE = "Simple Bike ComputerTests/Info.plist";
				LD_RUNPATH_SEARCH_PATHS = "$(inherited) @executable_path/Frameworks @loader_path/Frameworks";
				PRODUCT_NAME = "$(TARGET_NAME)";
				TEST_HOST = "$(BUILT_PRODUCTS_DIR)/Simple Bike Computer.app/Simple Bike Computer";
			};
			name = Debug;
		};
		01B7747619EEC28900E2CC2E /* Release */ = {
			isa = XCBuildConfiguration;
			buildSettings = {
				BUNDLE_LOADER = "$(TEST_HOST)";
				FRAMEWORK_SEARCH_PATHS = (
					"$(SDKROOT)/Developer/Library/Frameworks",
					"$(inherited)",
				);
				INFOPLIST_FILE = "Simple Bike ComputerTests/Info.plist";
				LD_RUNPATH_SEARCH_PATHS = "$(inherited) @executable_path/Frameworks @loader_path/Frameworks";
				PRODUCT_NAME = "$(TARGET_NAME)";
				TEST_HOST = "$(BUILT_PRODUCTS_DIR)/Simple Bike Computer.app/Simple Bike Computer";
			};
			name = Release;
		};
		01B7749719EFAC3100E2CC2E /* Debug */ = {
			isa = XCBuildConfiguration;
			buildSettings = {
				ASSETCATALOG_COMPILER_APPICON_NAME = AppIcon;
				CODE_SIGN_IDENTITY = "-";
				COMBINE_HIDPI_IMAGES = YES;
				GCC_PREPROCESSOR_DEFINITIONS = (
					"DEBUG=1",
					"$(inherited)",
				);
				INFOPLIST_FILE = "Mac Simple Bike Computer/Info.plist";
				LD_RUNPATH_SEARCH_PATHS = "$(inherited) @executable_path/../Frameworks";
				MACOSX_DEPLOYMENT_TARGET = 10.9;
				PRODUCT_NAME = "$(TARGET_NAME)";
				SDKROOT = macosx;
			};
			name = Debug;
		};
		01B7749819EFAC3100E2CC2E /* Release */ = {
			isa = XCBuildConfiguration;
			buildSettings = {
				ASSETCATALOG_COMPILER_APPICON_NAME = AppIcon;
				CODE_SIGN_IDENTITY = "-";
				COMBINE_HIDPI_IMAGES = YES;
				DEBUG_INFORMATION_FORMAT = "dwarf-with-dsym";
				INFOPLIST_FILE = "Mac Simple Bike Computer/Info.plist";
				LD_RUNPATH_SEARCH_PATHS = "$(inherited) @executable_path/../Frameworks";
				MACOSX_DEPLOYMENT_TARGET = 10.9;
				PRODUCT_NAME = "$(TARGET_NAME)";
				SDKROOT = macosx;
			};
			name = Release;
		};
		01B7749A19EFAC3100E2CC2E /* Debug */ = {
			isa = XCBuildConfiguration;
			buildSettings = {
				BUNDLE_LOADER = "$(TEST_HOST)";
				COMBINE_HIDPI_IMAGES = YES;
				FRAMEWORK_SEARCH_PATHS = (
					"$(DEVELOPER_FRAMEWORKS_DIR)",
					"$(inherited)",
				);
				GCC_PREPROCESSOR_DEFINITIONS = (
					"DEBUG=1",
					"$(inherited)",
				);
				INFOPLIST_FILE = "Mac Simple Bike ComputerTests/Info.plist";
				LD_RUNPATH_SEARCH_PATHS = "$(inherited) @executable_path/../Frameworks @loader_path/../Frameworks";
				MACOSX_DEPLOYMENT_TARGET = 10.9;
				PRODUCT_NAME = "$(TARGET_NAME)";
				SDKROOT = macosx;
				TEST_HOST = "$(BUILT_PRODUCTS_DIR)/Mac Simple Bike Computer.app/Contents/MacOS/Mac Simple Bike Computer";
			};
			name = Debug;
		};
		01B7749B19EFAC3100E2CC2E /* Release */ = {
			isa = XCBuildConfiguration;
			buildSettings = {
				BUNDLE_LOADER = "$(TEST_HOST)";
				COMBINE_HIDPI_IMAGES = YES;
				DEBUG_INFORMATION_FORMAT = "dwarf-with-dsym";
				FRAMEWORK_SEARCH_PATHS = (
					"$(DEVELOPER_FRAMEWORKS_DIR)",
					"$(inherited)",
				);
				INFOPLIST_FILE = "Mac Simple Bike ComputerTests/Info.plist";
				LD_RUNPATH_SEARCH_PATHS = "$(inherited) @executable_path/../Frameworks @loader_path/../Frameworks";
				MACOSX_DEPLOYMENT_TARGET = 10.9;
				PRODUCT_NAME = "$(TARGET_NAME)";
				SDKROOT = macosx;
				TEST_HOST = "$(BUILT_PRODUCTS_DIR)/Mac Simple Bike Computer.app/Contents/MacOS/Mac Simple Bike Computer";
			};
			name = Release;
		};
/* End XCBuildConfiguration section */

/* Begin XCConfigurationList section */
		01B7744D19EEC28900E2CC2E /* Build configuration list for PBXProject "Simple Bike Computer" */ = {
			isa = XCConfigurationList;
			buildConfigurations = (
				01B7746F19EEC28900E2CC2E /* Debug */,
				01B7747019EEC28900E2CC2E /* Release */,
			);
			defaultConfigurationIsVisible = 0;
			defaultConfigurationName = Release;
		};
		01B7747119EEC28900E2CC2E /* Build configuration list for PBXNativeTarget "Simple Bike Computer" */ = {
			isa = XCConfigurationList;
			buildConfigurations = (
				01B7747219EEC28900E2CC2E /* Debug */,
				01B7747319EEC28900E2CC2E /* Release */,
			);
			defaultConfigurationIsVisible = 0;
			defaultConfigurationName = Release;
		};
		01B7747419EEC28900E2CC2E /* Build configuration list for PBXNativeTarget "Simple Bike ComputerTests" */ = {
			isa = XCConfigurationList;
			buildConfigurations = (
				01B7747519EEC28900E2CC2E /* Debug */,
				01B7747619EEC28900E2CC2E /* Release */,
			);
			defaultConfigurationIsVisible = 0;
			defaultConfigurationName = Release;
		};
		01B7749619EFAC3100E2CC2E /* Build configuration list for PBXNativeTarget "Mac Simple Bike Computer" */ = {
			isa = XCConfigurationList;
			buildConfigurations = (
				01B7749719EFAC3100E2CC2E /* Debug */,
				01B7749819EFAC3100E2CC2E /* Release */,
			);
			defaultConfigurationIsVisible = 0;
			defaultConfigurationName = Release;
		};
		01B7749919EFAC3100E2CC2E /* Build configuration list for PBXNativeTarget "Mac Simple Bike ComputerTests" */ = {
			isa = XCConfigurationList;
			buildConfigurations = (
				01B7749A19EFAC3100E2CC2E /* Debug */,
				01B7749B19EFAC3100E2CC2E /* Release */,
			);
			defaultConfigurationIsVisible = 0;
			defaultConfigurationName = Release;
		};
/* End XCConfigurationList section */
	};
	rootObject = 01B7744A19EEC28900E2CC2E /* Project object */;
}
